
Microsoft Visual Studio Solution File, Format Version 12.00
# Visual Studio 2015
Project("{FAE04EC0-301F-11D3-BF4B-00C04F79EFBC}") = "drone_colision_avoidance", "drone_colision_avoidance.csproj", "{244054C8-521B-2720-A6FF-1E3F71378DFA}"
EndProject
Project("{FAE04EC0-301F-11D3-BF4B-00C04F79EFBC}") = "drone_colision_avoidance.Editor", "drone_colision_avoidance.Editor.csproj", "{AB22CC50-2C09-9DB9-A9D9-8AD87ACCD227}"
EndProject
Global
	GlobalSection(SolutionConfigurationPlatforms) = preSolution
		Debug|Any CPU = Debug|Any CPU
		Release|Any CPU = Release|Any CPU
	EndGlobalSection
	GlobalSection(ProjectConfigurationPlatforms) = postSolution
		{244054C8-521B-2720-A6FF-1E3F71378DFA}.Debug|Any CPU.ActiveCfg = Debug|Any CPU
		{244054C8-521B-2720-A6FF-1E3F71378DFA}.Debug|Any CPU.Build.0 = Debug|Any CPU
		{244054C8-521B-2720-A6FF-1E3F71378DFA}.Release|Any CPU.ActiveCfg = Release|Any CPU
		{244054C8-521B-2720-A6FF-1E3F71378DFA}.Release|Any CPU.Build.0 = Release|Any CPU
		{AB22CC50-2C09-9DB9-A9D9-8AD87ACCD227}.Debug|Any CPU.ActiveCfg = Debug|Any CPU
		{AB22CC50-2C09-9DB9-A9D9-8AD87ACCD227}.Debug|Any CPU.Build.0 = Debug|Any CPU
		{AB22CC50-2C09-9DB9-A9D9-8AD87ACCD227}.Release|Any CPU.ActiveCfg = Release|Any CPU
		{AB22CC50-2C09-9DB9-A9D9-8AD87ACCD227}.Release|Any CPU.Build.0 = Release|Any CPU
	EndGlobalSection
	GlobalSection(SolutionProperties) = preSolution
		HideSolutionNode = FALSE
	EndGlobalSection
EndGlobal
